
Microsoft Visual Studio Solution File, Format Version 12.00
# Visual Studio Version 17
VisualStudioVersion = 17.0.31903.59
MinimumVisualStudioVersion = 10.0.40219.1
Project("{FAE04EC0-301F-11D3-BF4B-00C04F79EFBC}") = "MainApp", "MainApp\MainApp.csproj", "{EC45322B-196F-43EB-AA8E-70E8E8E11A09}"
EndProject
Project("{FAE04EC0-301F-11D3-BF4B-00C04F79EFBC}") = "Infrastructure", "Infrastructure\Infrastructure.csproj", "{3A5C2A21-1718-4CA9-96DF-EF32667288CE}"
EndProject
Global
	GlobalSection(SolutionConfigurationPlatforms) = preSolution
		Debug|Any CPU = Debug|Any CPU
		Release|Any CPU = Release|Any CPU
	EndGlobalSection
	GlobalSection(SolutionProperties) = preSolution
		HideSolutionNode = FALSE
	EndGlobalSection
	GlobalSection(ProjectConfigurationPlatforms) = postSolution
		{EC45322B-196F-43EB-AA8E-70E8E8E11A09}.Debug|Any CPU.ActiveCfg = Debug|Any CPU
		{EC45322B-196F-43EB-AA8E-70E8E8E11A09}.Debug|Any CPU.Build.0 = Debug|Any CPU
		{EC45322B-196F-43EB-AA8E-70E8E8E11A09}.Release|Any CPU.ActiveCfg = Release|Any CPU
		{EC45322B-196F-43EB-AA8E-70E8E8E11A09}.Release|Any CPU.Build.0 = Release|Any CPU
		{3A5C2A21-1718-4CA9-96DF-EF32667288CE}.Debug|Any CPU.ActiveCfg = Debug|Any CPU
		{3A5C2A21-1718-4CA9-96DF-EF32667288CE}.Debug|Any CPU.Build.0 = Debug|Any CPU
		{3A5C2A21-1718-4CA9-96DF-EF32667288CE}.Release|Any CPU.ActiveCfg = Release|Any CPU
		{3A5C2A21-1718-4CA9-96DF-EF32667288CE}.Release|Any CPU.Build.0 = Release|Any CPU
	EndGlobalSection
EndGlobal
